
Microsoft Visual Studio Solution File, Format Version 12.00
# Visual Studio Version 16
VisualStudioVersion = 16.0.30804.86
MinimumVisualStudioVersion = 10.0.40219.1
Project("{8BC9CEB8-8B4A-11D0-8D11-00A0C91BC942}") = "string_func", "string_func\string_func.vcxproj", "{7171DBE6-61B5-43C2-AD74-9F883375D951}"
EndProject
Project("{8BC9CEB8-8B4A-11D0-8D11-00A0C91BC942}") = "pyramid", "pyramid\pyramid.vcxproj", "{C09B0ECE-A465-4F6B-B2E4-B81F288BDF88}"
EndProject
Project("{8BC9CEB8-8B4A-11D0-8D11-00A0C91BC942}") = "sort", "sort\sort.vcxproj", "{779FA566-A14C-4A57-923F-277F9F640403}"
EndProject
Project("{8BC9CEB8-8B4A-11D0-8D11-00A0C91BC942}") = "data_structures", "data_structures\data_structures.vcxproj", "{D9B62211-96B0-45B6-ABB4-E1879660B9D2}"
EndProject
Project("{8BC9CEB8-8B4A-11D0-8D11-00A0C91BC942}") = "matrix", "matrix\matrix.vcxproj", "{CE7DAC0E-CA46-4FD0-A52C-8D6163C7DD31}"
EndProject
Global
	GlobalSection(SolutionConfigurationPlatforms) = preSolution
		Debug|x64 = Debug|x64
		Debug|x86 = Debug|x86
		Release|x64 = Release|x64
		Release|x86 = Release|x86
	EndGlobalSection
	GlobalSection(ProjectConfigurationPlatforms) = postSolution
		{7171DBE6-61B5-43C2-AD74-9F883375D951}.Debug|x64.ActiveCfg = Debug|x64
		{7171DBE6-61B5-43C2-AD74-9F883375D951}.Debug|x64.Build.0 = Debug|x64
		{7171DBE6-61B5-43C2-AD74-9F883375D951}.Debug|x86.ActiveCfg = Debug|Win32
		{7171DBE6-61B5-43C2-AD74-9F883375D951}.Debug|x86.Build.0 = Debug|Win32
		{7171DBE6-61B5-43C2-AD74-9F883375D951}.Release|x64.ActiveCfg = Release|x64
		{7171DBE6-61B5-43C2-AD74-9F883375D951}.Release|x64.Build.0 = Release|x64
		{7171DBE6-61B5-43C2-AD74-9F883375D951}.Release|x86.ActiveCfg = Release|Win32
		{7171DBE6-61B5-43C2-AD74-9F883375D951}.Release|x86.Build.0 = Release|Win32
		{C09B0ECE-A465-4F6B-B2E4-B81F288BDF88}.Debug|x64.ActiveCfg = Debug|x64
		{C09B0ECE-A465-4F6B-B2E4-B81F288BDF88}.Debug|x64.Build.0 = Debug|x64
		{C09B0ECE-A465-4F6B-B2E4-B81F288BDF88}.Debug|x86.ActiveCfg = Debug|Win32
		{C09B0ECE-A465-4F6B-B2E4-B81F288BDF88}.Debug|x86.Build.0 = Debug|Win32
		{C09B0ECE-A465-4F6B-B2E4-B81F288BDF88}.Release|x64.ActiveCfg = Release|x64
		{C09B0ECE-A465-4F6B-B2E4-B81F288BDF88}.Release|x64.Build.0 = Release|x64
		{C09B0ECE-A465-4F6B-B2E4-B81F288BDF88}.Release|x86.ActiveCfg = Release|Win32
		{C09B0ECE-A465-4F6B-B2E4-B81F288BDF88}.Release|x86.Build.0 = Release|Win32
		{779FA566-A14C-4A57-923F-277F9F640403}.Debug|x64.ActiveCfg = Debug|x64
		{779FA566-A14C-4A57-923F-277F9F640403}.Debug|x64.Build.0 = Debug|x64
		{779FA566-A14C-4A57-923F-277F9F640403}.Debug|x86.ActiveCfg = Debug|Win32
		{779FA566-A14C-4A57-923F-277F9F640403}.Debug|x86.Build.0 = Debug|Win32
		{779FA566-A14C-4A57-923F-277F9F640403}.Release|x64.ActiveCfg = Release|x64
		{779FA566-A14C-4A57-923F-277F9F640403}.Release|x64.Build.0 = Release|x64
		{779FA566-A14C-4A57-923F-277F9F640403}.Release|x86.ActiveCfg = Release|Win32
		{779FA566-A14C-4A57-923F-277F9F640403}.Release|x86.Build.0 = Release|Win32
		{D9B62211-96B0-45B6-ABB4-E1879660B9D2}.Debug|x64.ActiveCfg = Debug|x64
		{D9B62211-96B0-45B6-ABB4-E1879660B9D2}.Debug|x64.Build.0 = Debug|x64
		{D9B62211-96B0-45B6-ABB4-E1879660B9D2}.Debug|x86.ActiveCfg = Debug|Win32
		{D9B62211-96B0-45B6-ABB4-E1879660B9D2}.Debug|x86.Build.0 = Debug|Win32
		{D9B62211-96B0-45B6-ABB4-E1879660B9D2}.Release|x64.ActiveCfg = Release|x64
		{D9B62211-96B0-45B6-ABB4-E1879660B9D2}.Release|x64.Build.0 = Release|x64
		{D9B62211-96B0-45B6-ABB4-E1879660B9D2}.Release|x86.ActiveCfg = Release|Win32
		{D9B62211-96B0-45B6-ABB4-E1879660B9D2}.Release|x86.Build.0 = Release|Win32
		{CE7DAC0E-CA46-4FD0-A52C-8D6163C7DD31}.Debug|x64.ActiveCfg = Debug|x64
		{CE7DAC0E-CA46-4FD0-A52C-8D6163C7DD31}.Debug|x64.Build.0 = Debug|x64
		{CE7DAC0E-CA46-4FD0-A52C-8D6163C7DD31}.Debug|x86.ActiveCfg = Debug|Win32
		{CE7DAC0E-CA46-4FD0-A52C-8D6163C7DD31}.Debug|x86.Build.0 = Debug|Win32
		{CE7DAC0E-CA46-4FD0-A52C-8D6163C7DD31}.Release|x64.ActiveCfg = Release|x64
		{CE7DAC0E-CA46-4FD0-A52C-8D6163C7DD31}.Release|x64.Build.0 = Release|x64
		{CE7DAC0E-CA46-4FD0-A52C-8D6163C7DD31}.Release|x86.ActiveCfg = Release|Win32
		{CE7DAC0E-CA46-4FD0-A52C-8D6163C7DD31}.Release|x86.Build.0 = Release|Win32
	EndGlobalSection
	GlobalSection(SolutionProperties) = preSolution
		HideSolutionNode = FALSE
	EndGlobalSection
	GlobalSection(ExtensibilityGlobals) = postSolution
		SolutionGuid = {E0136C9D-ECF4-4EA4-97F5-4A8001790337}
	EndGlobalSection
EndGlobal
